
Microsoft Visual Studio Solution File, Format Version 12.00
# Visual Studio 15
VisualStudioVersion = 15.0.27130.2027
MinimumVisualStudioVersion = 10.0.40219.1
Project("{9A19103F-16F7-4668-BE54-9A1E7A4F7556}") = "TodoApi", "TodoApi.csproj", "{4DFC7A67-B89F-440F-A59C-DEA1FCF8ECF3}"
EndProject
Global
	GlobalSection(SolutionConfigurationPlatforms) = preSolution
		Debug|Any CPU = Debug|Any CPU
		Release|Any CPU = Release|Any CPU
	EndGlobalSection
	GlobalSection(ProjectConfigurationPlatforms) = postSolution
		{4DFC7A67-B89F-440F-A59C-DEA1FCF8ECF3}.Debug|Any CPU.ActiveCfg = Debug|Any CPU
		{4DFC7A67-B89F-440F-A59C-DEA1FCF8ECF3}.Debug|Any CPU.Build.0 = Debug|Any CPU
		{4DFC7A67-B89F-440F-A59C-DEA1FCF8ECF3}.Release|Any CPU.ActiveCfg = Release|Any CPU
		{4DFC7A67-B89F-440F-A59C-DEA1FCF8ECF3}.Release|Any CPU.Build.0 = Release|Any CPU
	EndGlobalSection
	GlobalSection(SolutionProperties) = preSolution
		HideSolutionNode = FALSE
	EndGlobalSection
	GlobalSection(ExtensibilityGlobals) = postSolution
		SolutionGuid = {371E3853-8651-41CA-8AE0-2C330A734024}
	EndGlobalSection
EndGlobal
